
Microsoft Visual Studio Solution File, Format Version 12.00
# Visual Studio 15
VisualStudioVersion = 15.0.27130.2010
MinimumVisualStudioVersion = 10.0.40219.1
Project("{9A19103F-16F7-4668-BE54-9A1E7A4F7556}") = "mvcCookieAuthSample", "mvcCookieAuthSample.csproj", "{2616BC4F-6533-480B-8C94-4D32A69E34CD}"
EndProject
Project("{FAE04EC0-301F-11D3-BF4B-00C04F79EFBC}") = "mvcClient1", "..\mvcClient1\mvcClient1.csproj", "{0D4C32FE-E26A-4451-9497-2AAAC88BCB4D}"
EndProject
Global
	GlobalSection(SolutionConfigurationPlatforms) = preSolution
		Debug|Any CPU = Debug|Any CPU
		Release|Any CPU = Release|Any CPU
	EndGlobalSection
	GlobalSection(ProjectConfigurationPlatforms) = postSolution
		{2616BC4F-6533-480B-8C94-4D32A69E34CD}.Debug|Any CPU.ActiveCfg = Debug|Any CPU
		{2616BC4F-6533-480B-8C94-4D32A69E34CD}.Debug|Any CPU.Build.0 = Debug|Any CPU
		{2616BC4F-6533-480B-8C94-4D32A69E34CD}.Release|Any CPU.ActiveCfg = Release|Any CPU
		{2616BC4F-6533-480B-8C94-4D32A69E34CD}.Release|Any CPU.Build.0 = Release|Any CPU
		{0D4C32FE-E26A-4451-9497-2AAAC88BCB4D}.Debug|Any CPU.ActiveCfg = Debug|Any CPU
		{0D4C32FE-E26A-4451-9497-2AAAC88BCB4D}.Debug|Any CPU.Build.0 = Debug|Any CPU
		{0D4C32FE-E26A-4451-9497-2AAAC88BCB4D}.Release|Any CPU.ActiveCfg = Release|Any CPU
		{0D4C32FE-E26A-4451-9497-2AAAC88BCB4D}.Release|Any CPU.Build.0 = Release|Any CPU
	EndGlobalSection
	GlobalSection(SolutionProperties) = preSolution
		HideSolutionNode = FALSE
	EndGlobalSection
	GlobalSection(ExtensibilityGlobals) = postSolution
		SolutionGuid = {DB2A7A10-94C3-4F83-9A27-13D10CAB877A}
	EndGlobalSection
EndGlobal
